{
    "_readme": [
        "This file locks the dependencies of your project to a known state",
        "Read more about it at https://getcomposer.org/doc/01-basic-usage.md#installing-dependencies",
        "This file is @generated automatically"
    ],
    "content-hash": "12e56dbb26e78f32b93ff3b274fbe0ef",
    "packages": [
        {
            "name": "composer/installers",
            "version": "v1.6.0",
            "source": {
                "type": "git",
                "url": "https://github.com/composer/installers.git",
                "reference": "cfcca6b1b60bc4974324efb5783c13dca6932b5b"
            },
            "dist": {
                "type": "zip",
                "url": "https://api.github.com/repos/composer/installers/zipball/cfcca6b1b60bc4974324efb5783c13dca6932b5b",
                "reference": "cfcca6b1b60bc4974324efb5783c13dca6932b5b",
                "shasum": ""
            },
            "require": {
                "composer-plugin-api": "^1.0"
            },
            "replace": {
                "roundcube/plugin-installer": "*",
                "shama/baton": "*"
            },
            "require-dev": {
                "composer/composer": "1.0.*@dev",
                "phpunit/phpunit": "^4.8.36"
            },
            "type": "composer-plugin",
            "extra": {
                "class": "Composer\\Installers\\Plugin",
                "branch-alias": {
                    "dev-master": "1.0-dev"
                }
            },
            "autoload": {
                "psr-4": {
                    "Composer\\Installers\\": "src/Composer/Installers"
                }
            },
            "notification-url": "https://packagist.org/downloads/",
            "license": [
                "MIT"
            ],
            "authors": [
                {
                    "name": "Kyle Robinson Young",
                    "email": "kyle@dontkry.com",
                    "homepage": "https://github.com/shama"
                }
            ],
            "description": "A multi-framework Composer library installer",
            "homepage": "https://composer.github.io/installers/",
            "keywords": [
                "Craft",
                "Dolibarr",
                "Eliasis",
                "Hurad",
                "ImageCMS",
                "Kanboard",
                "Lan Management System",
                "MODX Evo",
                "Mautic",
                "Maya",
                "OXID",
                "Plentymarkets",
                "Porto",
                "RadPHP",
                "SMF",
                "Thelia",
                "WolfCMS",
                "agl",
                "aimeos",
                "annotatecms",
                "attogram",
                "bitrix",
                "cakephp",
                "chef",
                "cockpit",
                "codeigniter",
                "concrete5",
                "croogo",
                "dokuwiki",
                "drupal",
                "eZ Platform",
                "elgg",
                "expressionengine",
                "fuelphp",
                "grav",
                "installer",
                "itop",
                "joomla",
                "kohana",
                "laravel",
                "lavalite",
                "lithium",
                "magento",
                "majima",
                "mako",
                "mediawiki",
                "modulework",
                "modx",
                "moodle",
                "osclass",
                "phpbb",
                "piwik",
                "ppi",
                "puppet",
                "pxcms",
                "reindex",
                "roundcube",
                "shopware",
                "silverstripe",
                "sydes",
                "symfony",
                "typo3",
                "wordpress",
                "yawik",
                "zend",
                "zikula"
            ],
            "time": "2018-08-27T06:10:37+00:00"
        },
        {
            "name": "wpackagist-plugin/advanced-post-excerpt",
            "version": "1.0.0",
            "source": {
                "type": "svn",
                "url": "https://plugins.svn.wordpress.org/advanced-post-excerpt/",
                "reference": "tags/1.0.0"
            },
            "dist": {
                "type": "zip",
                "url": "https://downloads.wordpress.org/plugin/advanced-post-excerpt.1.0.0.zip"
            },
            "require": {
                "composer/installers": "~1.0"
            },
            "type": "wordpress-plugin",
            "homepage": "https://wordpress.org/plugins/advanced-post-excerpt/"
        },
        {
            "name": "wpackagist-plugin/akismet",
            "version": "4.1.1",
            "source": {
                "type": "svn",
                "url": "https://plugins.svn.wordpress.org/akismet/",
                "reference": "tags/4.1.1"
            },
            "dist": {
                "type": "zip",
                "url": "https://downloads.wordpress.org/plugin/akismet.4.1.1.zip"
            },
            "require": {
                "composer/installers": "~1.0"
            },
            "type": "wordpress-plugin",
            "homepage": "https://wordpress.org/plugins/akismet/"
        },
        {
            "name": "wpackagist-plugin/amp",
            "version": "1.0.2",
            "source": {
                "type": "svn",
                "url": "https://plugins.svn.wordpress.org/amp/",
                "reference": "tags/1.0.2"
            },
            "dist": {
                "type": "zip",
                "url": "https://downloads.wordpress.org/plugin/amp.1.0.2.zip"
            },
            "require": {
                "composer/installers": "~1.0"
            },
            "type": "wordpress-plugin",
            "homepage": "https://wordpress.org/plugins/amp/"
        },
        {
            "name": "wpackagist-plugin/antispambot",
            "version": "1.1.4",
            "source": {
                "type": "svn",
                "url": "https://plugins.svn.wordpress.org/antispambot/",
                "reference": "tags/1.1.4"
            },
            "dist": {
                "type": "zip",
                "url": "https://downloads.wordpress.org/plugin/antispambot.1.1.4.zip"
            },
            "require": {
                "composer/installers": "~1.0"
            },
            "type": "wordpress-plugin",
            "homepage": "https://wordpress.org/plugins/antispambot/"
        },
        {
            "name": "wpackagist-plugin/batcache",
            "version": "1.4",
            "source": {
                "type": "svn",
                "url": "https://plugins.svn.wordpress.org/batcache/",
                "reference": "tags/1.4"
            },
            "dist": {
                "type": "zip",
                "url": "https://downloads.wordpress.org/plugin/batcache.1.4.zip"
            },
            "require": {
                "composer/installers": "~1.0"
            },
            "type": "wordpress-plugin",
            "homepage": "https://wordpress.org/plugins/batcache/"
        },
        {
            "name": "wpackagist-plugin/classic-editor",
            "version": "1.4",
            "source": {
                "type": "svn",
                "url": "https://plugins.svn.wordpress.org/classic-editor/",
                "reference": "tags/1.4"
            },
            "dist": {
                "type": "zip",
                "url": "https://downloads.wordpress.org/plugin/classic-editor.1.4.zip"
            },
            "require": {
                "composer/installers": "~1.0"
            },
            "type": "wordpress-plugin",
            "homepage": "https://wordpress.org/plugins/classic-editor/"
        },
        {
            "name": "wpackagist-plugin/crayon-syntax-highlighter",
            "version": "2.8.4",
            "source": {
                "type": "svn",
                "url": "https://plugins.svn.wordpress.org/crayon-syntax-highlighter/",
                "reference": "trunk"
            },
            "dist": {
                "type": "zip",
                "url": "https://downloads.wordpress.org/plugin/crayon-syntax-highlighter.zip?timestamp=1462880237"
            },
            "require": {
                "composer/installers": "~1.0"
            },
            "type": "wordpress-plugin",
            "homepage": "https://wordpress.org/plugins/crayon-syntax-highlighter/"
        },
        {
            "name": "wpackagist-plugin/dovedi",
            "version": "1.1.1",
            "source": {
                "type": "svn",
                "url": "https://plugins.svn.wordpress.org/dovedi/",
                "reference": "tags/1.1.1"
            },
            "dist": {
                "type": "zip",
                "url": "https://downloads.wordpress.org/plugin/dovedi.1.1.1.zip"
            },
            "require": {
                "composer/installers": "~1.0"
            },
            "type": "wordpress-plugin",
            "homepage": "https://wordpress.org/plugins/dovedi/"
        },
        {
            "name": "wpackagist-plugin/ewww-image-optimizer",
            "version": "4.6.3",
            "source": {
                "type": "svn",
                "url": "https://plugins.svn.wordpress.org/ewww-image-optimizer/",
                "reference": "tags/4.6.3"
            },
            "dist": {
                "type": "zip",
                "url": "https://downloads.wordpress.org/plugin/ewww-image-optimizer.4.6.3.zip"
            },
            "require": {
                "composer/installers": "~1.0"
            },
            "type": "wordpress-plugin",
            "homepage": "https://wordpress.org/plugins/ewww-image-optimizer/"
        },
        {
            "name": "wpackagist-plugin/glue-for-yoast-seo-amp",
            "version": "0.4.3",
            "source": {
                "type": "svn",
                "url": "https://plugins.svn.wordpress.org/glue-for-yoast-seo-amp/",
                "reference": "tags/0.4.3"
            },
            "dist": {
                "type": "zip",
                "url": "https://downloads.wordpress.org/plugin/glue-for-yoast-seo-amp.0.4.3.zip"
            },
            "require": {
                "composer/installers": "~1.0"
            },
            "type": "wordpress-plugin",
            "homepage": "https://wordpress.org/plugins/glue-for-yoast-seo-amp/"
        },
        {
            "name": "wpackagist-plugin/google-analytics-for-wordpress",
            "version": "7.4.2",
            "source": {
                "type": "svn",
                "url": "https://plugins.svn.wordpress.org/google-analytics-for-wordpress/",
                "reference": "tags/7.4.2"
            },
            "dist": {
                "type": "zip",
                "url": "https://downloads.wordpress.org/plugin/google-analytics-for-wordpress.7.4.2.zip"
            },
            "require": {
                "composer/installers": "~1.0"
            },
            "type": "wordpress-plugin",
            "homepage": "https://wordpress.org/plugins/google-analytics-for-wordpress/"
        },
        {
            "name": "wpackagist-plugin/jetpack",
            "version": "7.1.1.1",
            "source": {
                "type": "svn",
                "url": "https://plugins.svn.wordpress.org/jetpack/",
                "reference": "tags/7.1.1.1"
            },
            "dist": {
                "type": "zip",
                "url": "https://downloads.wordpress.org/plugin/jetpack.7.1.1.1.zip"
            },
            "require": {
                "composer/installers": "~1.0"
            },
            "type": "wordpress-plugin",
            "homepage": "https://wordpress.org/plugins/jetpack/"
        },
        {
            "name": "wpackagist-plugin/mcavoy",
            "version": "0.1.3",
            "source": {
                "type": "svn",
                "url": "https://plugins.svn.wordpress.org/mcavoy/",
                "reference": "tags/0.1.3"
            },
            "dist": {
                "type": "zip",
                "url": "https://downloads.wordpress.org/plugin/mcavoy.0.1.3.zip"
            },
            "require": {
                "composer/installers": "~1.0"
            },
            "type": "wordpress-plugin",
            "homepage": "https://wordpress.org/plugins/mcavoy/"
        },
        {
            "name": "wpackagist-plugin/revision-strike",
            "version": "0.6.0",
            "source": {
                "type": "svn",
                "url": "https://plugins.svn.wordpress.org/revision-strike/",
                "reference": "tags/0.6.0"
            },
            "dist": {
                "type": "zip",
                "url": "https://downloads.wordpress.org/plugin/revision-strike.0.6.0.zip"
            },
            "require": {
                "composer/installers": "~1.0"
            },
            "type": "wordpress-plugin",
            "homepage": "https://wordpress.org/plugins/revision-strike/"
        },
        {
            "name": "wpackagist-plugin/safe-redirect-manager",
            "version": "1.9.2",
            "source": {
                "type": "svn",
                "url": "https://plugins.svn.wordpress.org/safe-redirect-manager/",
                "reference": "tags/1.9.2"
            },
            "dist": {
                "type": "zip",
                "url": "https://downloads.wordpress.org/plugin/safe-redirect-manager.1.9.2.zip"
            },
            "require": {
                "composer/installers": "~1.0"
            },
            "type": "wordpress-plugin",
            "homepage": "https://wordpress.org/plugins/safe-redirect-manager/"
        },
        {
            "name": "wpackagist-plugin/schemify",
            "version": "0.1.0",
            "source": {
                "type": "svn",
                "url": "https://plugins.svn.wordpress.org/schemify/",
                "reference": "tags/0.1.0"
            },
            "dist": {
                "type": "zip",
                "url": "https://downloads.wordpress.org/plugin/schemify.0.1.0.zip"
            },
            "require": {
                "composer/installers": "~1.0"
            },
            "type": "wordpress-plugin",
            "homepage": "https://wordpress.org/plugins/schemify/"
        },
        {
            "name": "wpackagist-plugin/so-clean-up-wp-seo",
            "version": "3.9.2",
            "source": {
                "type": "svn",
                "url": "https://plugins.svn.wordpress.org/so-clean-up-wp-seo/",
                "reference": "tags/3.9.2"
            },
            "dist": {
                "type": "zip",
                "url": "https://downloads.wordpress.org/plugin/so-clean-up-wp-seo.3.9.2.zip"
            },
            "require": {
                "composer/installers": "~1.0"
            },
            "type": "wordpress-plugin",
            "homepage": "https://wordpress.org/plugins/so-clean-up-wp-seo/"
        },
        {
            "name": "wpackagist-plugin/wordpress-seo",
            "version": "10.0",
            "source": {
                "type": "svn",
                "url": "https://plugins.svn.wordpress.org/wordpress-seo/",
                "reference": "tags/10.0"
            },
            "dist": {
                "type": "zip",
                "url": "https://downloads.wordpress.org/plugin/wordpress-seo.10.0.zip"
            },
            "require": {
                "composer/installers": "~1.0"
            },
            "type": "wordpress-plugin",
            "homepage": "https://wordpress.org/plugins/wordpress-seo/"
        },
        {
            "name": "wpackagist-plugin/wp-comment-humility",
            "version": "0.1.0",
            "source": {
                "type": "svn",
                "url": "https://plugins.svn.wordpress.org/wp-comment-humility/",
                "reference": "trunk"
            },
            "dist": {
                "type": "zip",
                "url": "https://downloads.wordpress.org/plugin/wp-comment-humility.zip?timestamp=1442866214"
            },
            "require": {
                "composer/installers": "~1.0"
            },
            "type": "wordpress-plugin",
            "homepage": "https://wordpress.org/plugins/wp-comment-humility/"
        },
        {
            "name": "wpackagist-plugin/wp-redis",
            "version": "0.7.1",
            "source": {
                "type": "svn",
                "url": "https://plugins.svn.wordpress.org/wp-redis/",
                "reference": "tags/0.7.1"
            },
            "dist": {
                "type": "zip",
                "url": "https://downloads.wordpress.org/plugin/wp-redis.0.7.1.zip"
            },
            "require": {
                "composer/installers": "~1.0"
            },
            "type": "wordpress-plugin",
            "homepage": "https://wordpress.org/plugins/wp-redis/"
        },
        {
            "name": "wpackagist-theme/lovecraft",
            "version": "1.28",
            "source": {
                "type": "svn",
                "url": "https://themes.svn.wordpress.org/lovecraft/",
                "reference": "1.28"
            },
            "dist": {
                "type": "zip",
                "url": "https://downloads.wordpress.org/theme/lovecraft.1.28.zip"
            },
            "require": {
                "composer/installers": "~1.0"
            },
            "type": "wordpress-theme",
            "homepage": "https://wordpress.org/themes/lovecraft/"
        }
    ],
    "packages-dev": [],
    "aliases": [],
    "minimum-stability": "stable",
    "stability-flags": [],
    "prefer-stable": false,
    "prefer-lowest": false,
    "platform": [],
    "platform-dev": [],
    "platform-overrides": {
        "php": "7.2"
    }
}
